{
  "name": "sb-wash",
  "version": "0.0.1",
  "lockfileVersion": 1,
  "requires": true,
  "dependencies": {
    "@vant/weapp": {
      "version": "1.10.5",
      "resolved": "https://registry.npmjs.org/@vant/weapp/-/weapp-1.10.5.tgz",
      "integrity": "sha512-bAHp9r0ZiRsOqPOLzQHI/ZvkAlXzol1/TFhM70MyghuxkzJTjcDUd8RIfLkCN3c1MCK/PfBGw2an8/afygftCg=="
    },
    "miniprogram-api-typings": {
      "version": "3.6.0",
      "resolved": "https://registry.npmjs.org/miniprogram-api-typings/-/miniprogram-api-typings-3.6.0.tgz",
      "integrity": "sha512-xwK3PzhhxnfWqDfBikHLdAbj7Wy4F887nBcQrzwuF758Fw2qC4ivpKPL9t0uJZk5QYnU28+NqA7Q3lzYGMHQnA==",
      "dev": true
    }
  }
}
